
Microsoft Visual Studio Solution File, Format Version 12.00
# Visual Studio Version 17
VisualStudioVersion = 17.3.32929.385
MinimumVisualStudioVersion = 10.0.40219.1
Project("{FAE04EC0-301F-11D3-BF4B-00C04F79EFBC}") = "Planner.Shell", "Planner.Shell\Planner.Shell.csproj", "{1050BBEA-0025-4D0A-8125-408F323B9F95}"
EndProject
Project("{2150E333-8FDC-42A3-9474-1A3956D46DE8}") = "Modules", "Modules", "{28FFCF27-5E3C-4991-95C6-DC9CDBEA5F8C}"
EndProject
Project("{FAE04EC0-301F-11D3-BF4B-00C04F79EFBC}") = "Planner.Module.Diagram", "Planner.Module.Diagram\Planner.Module.Diagram.csproj", "{419CF8E9-A817-4DE5-9995-860876EE958A}"
EndProject
Global
	GlobalSection(SolutionConfigurationPlatforms) = preSolution
		Debug|Any CPU = Debug|Any CPU
		Release|Any CPU = Release|Any CPU
	EndGlobalSection
	GlobalSection(ProjectConfigurationPlatforms) = postSolution
		{1050BBEA-0025-4D0A-8125-408F323B9F95}.Debug|Any CPU.ActiveCfg = Debug|Any CPU
		{1050BBEA-0025-4D0A-8125-408F323B9F95}.Debug|Any CPU.Build.0 = Debug|Any CPU
		{1050BBEA-0025-4D0A-8125-408F323B9F95}.Release|Any CPU.ActiveCfg = Release|Any CPU
		{1050BBEA-0025-4D0A-8125-408F323B9F95}.Release|Any CPU.Build.0 = Release|Any CPU
		{419CF8E9-A817-4DE5-9995-860876EE958A}.Debug|Any CPU.ActiveCfg = Debug|Any CPU
		{419CF8E9-A817-4DE5-9995-860876EE958A}.Debug|Any CPU.Build.0 = Debug|Any CPU
		{419CF8E9-A817-4DE5-9995-860876EE958A}.Release|Any CPU.ActiveCfg = Release|Any CPU
		{419CF8E9-A817-4DE5-9995-860876EE958A}.Release|Any CPU.Build.0 = Release|Any CPU
	EndGlobalSection
	GlobalSection(SolutionProperties) = preSolution
		HideSolutionNode = FALSE
	EndGlobalSection
	GlobalSection(NestedProjects) = preSolution
		{419CF8E9-A817-4DE5-9995-860876EE958A} = {28FFCF27-5E3C-4991-95C6-DC9CDBEA5F8C}
	EndGlobalSection
	GlobalSection(ExtensibilityGlobals) = postSolution
		SolutionGuid = {E4513048-3CC1-4782-8F51-B30F7B45CD35}
	EndGlobalSection
EndGlobal
